Microsoft Visual Studio Solution File, Format Version 12.00
# Visual Studio Version 17
VisualStudioVersion = 17.5.2.0
MinimumVisualStudioVersion = 10.0.40219.1
Project("{FAE04EC0-301F-11D3-BF4B-00C04F79EFBC}") = "TransactionManager", "TransactionManager.csproj", "{C15E1D6E-C0E5-0191-880D-0FBA5AF90DAE}"
EndProject
Global
	GlobalSection(SolutionConfigurationPlatforms) = preSolution
		Debug|Any CPU = Debug|Any CPU
		Release|Any CPU = Release|Any CPU
	EndGlobalSection
	GlobalSection(ProjectConfigurationPlatforms) = postSolution
		{C15E1D6E-C0E5-0191-880D-0FBA5AF90DAE}.Debug|Any CPU.ActiveCfg = Debug|Any CPU
		{C15E1D6E-C0E5-0191-880D-0FBA5AF90DAE}.Debug|Any CPU.Build.0 = Debug|Any CPU
		{C15E1D6E-C0E5-0191-880D-0FBA5AF90DAE}.Release|Any CPU.ActiveCfg = Release|Any CPU
		{C15E1D6E-C0E5-0191-880D-0FBA5AF90DAE}.Release|Any CPU.Build.0 = Release|Any CPU
	EndGlobalSection
	GlobalSection(SolutionProperties) = preSolution
		HideSolutionNode = FALSE
	EndGlobalSection
	GlobalSection(ExtensibilityGlobals) = postSolution
		SolutionGuid = {04A07490-4CB2-4064-88C8-0B7423EA7B76}
	EndGlobalSection
EndGlobal
